
Microsoft Visual Studio Solution File, Format Version 12.00
# Visual Studio Version 17
VisualStudioVersion = 17.8.34330.188
MinimumVisualStudioVersion = 10.0.40219.1
Project("{FAE04EC0-301F-11D3-BF4B-00C04F79EFBC}") = "HometaskPassword", "HometaskPassword\HometaskPassword.csproj", "{95F52426-ECE7-4091-92D8-9EC2C1B150A0}"
EndProject
Global
	GlobalSection(SolutionConfigurationPlatforms) = preSolution
		Debug|Any CPU = Debug|Any CPU
		Release|Any CPU = Release|Any CPU
	EndGlobalSection
	GlobalSection(ProjectConfigurationPlatforms) = postSolution
		{95F52426-ECE7-4091-92D8-9EC2C1B150A0}.Debug|Any CPU.ActiveCfg = Debug|Any CPU
		{95F52426-ECE7-4091-92D8-9EC2C1B150A0}.Debug|Any CPU.Build.0 = Debug|Any CPU
		{95F52426-ECE7-4091-92D8-9EC2C1B150A0}.Release|Any CPU.ActiveCfg = Release|Any CPU
		{95F52426-ECE7-4091-92D8-9EC2C1B150A0}.Release|Any CPU.Build.0 = Release|Any CPU
	EndGlobalSection
	GlobalSection(SolutionProperties) = preSolution
		HideSolutionNode = FALSE
	EndGlobalSection
	GlobalSection(ExtensibilityGlobals) = postSolution
		SolutionGuid = {16ECF100-1801-4666-A276-6BB7D89C168F}
	EndGlobalSection
EndGlobal
